<?xml version="1.0" encoding="utf-8"?>
<Project ToolsVersion="4.0" xmlns="http://schemas.microsoft.com/developer/msbuild/2003">
  <ItemGroup>
    <Filter Include="Source Files">
      <UniqueIdentifier>{4FC737F1-C7A5-4376-A066-2A32D752A2FF}</UniqueIdentifier>
      <Extensions>cpp;c;cc;cxx;c++;cppm;ixx;def;odl;idl;hpj;bat;asm;asmx</Extensions>
    </Filter>
    <Filter Include="Header Files">
      <UniqueIdentifier>{93995380-89BD-4b04-88EB-625FBE52EBFB}</UniqueIdentifier>
      <Extensions>h;hh;hpp;hxx;h++;hm;inl;inc;ipp;xsd</Extensions>
    </Filter>
    <Filter Include="Resource Files">
      <UniqueIdentifier>{67DA6AB6-F800-4c08-8B7A-83BB121AAD01}</UniqueIdentifier>
      <Extensions>rc;ico;cur;bmp;dlg;rc2;rct;bin;rgs;gif;jpg;jpeg;jpe;resx;tiff;tif;png;wav;mfcribbon-ms</Extensions>
    </Filter>
    <Filter Include="Header Files\ADTs">
      <UniqueIdentifier>{9487a697-3335-4a86-9f44-f843050b92df}</UniqueIdentifier>
    </Filter>
    <Filter Include="Header Files\DS">
      <UniqueIdentifier>{9d299812-4639-411d-9ae0-0e24ffbf5777}</UniqueIdentifier>
    </Filter>
    <Filter Include="Header Files\Events">
      <UniqueIdentifier>{b166579b-c1a4-4064-9a53-f5250bdd9500}</UniqueIdentifier>
    </Filter>
  </ItemGroup>
  <ItemGroup>
    <ClInclude Include="Queue ADT.h">
      <Filter>Header Files\ADTs</Filter>
    </ClInclude>
    <ClInclude Include="LinkedList.h">
      <Filter>Header Files\DS</Filter>
    </ClInclude>
    <ClInclude Include="Node.h">
      <Filter>Header Files\DS</Filter>
    </ClInclude>
    <ClInclude Include="LinkedQueue.h">
      <Filter>Header Files\DS</Filter>
    </ClInclude>
    <ClInclude Include="List ADT.h">
      <Filter>Header Files\ADTs</Filter>
    </ClInclude>
    <ClInclude Include="PriorityQueue.h">
      <Filter>Header Files\DS</Filter>
    </ClInclude>
    <ClInclude Include="Cargo.h">
      <Filter>Header Files</Filter>
    </ClInclude>
    <ClInclude Include="Truck.h">
      <Filter>Header Files</Filter>
    </ClInclude>
    <ClInclude Include="CancelEvent.h">
      <Filter>Header Files\Events</Filter>
    </ClInclude>
    <ClInclude Include="PreparationEvent.h">
      <Filter>Header Files\Events</Filter>
    </ClInclude>
    <ClInclude Include="PromoteEvent.h">
      <Filter>Header Files\Events</Filter>
    </ClInclude>
    <ClInclude Include="Events.h">
      <Filter>Header Files\Events</Filter>
    </ClInclude>
    <ClInclude Include="PriorityQueueADT.h">
      <Filter>Header Files\ADTs</Filter>
    </ClInclude>
    <ClInclude Include="Company.h">
      <Filter>Header Files</Filter>
    </ClInclude>
    <ClInclude Include="UI.h">
      <Filter>Header Files</Filter>
    </ClInclude>
  </ItemGroup>
  <ItemGroup>
    <ClCompile Include="Cargo.cpp">
      <Filter>Header Files</Filter>
    </ClCompile>
    <ClCompile Include="Truck.cpp">
      <Filter>Header Files</Filter>
    </ClCompile>
    <ClCompile Include="CancelEvent.cpp">
      <Filter>Header Files\Events</Filter>
    </ClCompile>
    <ClCompile Include="PreparationEvent.cpp">
      <Filter>Header Files\Events</Filter>
    </ClCompile>
    <ClCompile Include="ProoteEvent.cpp">
      <Filter>Header Files\Events</Filter>
    </ClCompile>
    <ClCompile Include="Main.cpp">
      <Filter>Source Files</Filter>
    </ClCompile>
    <ClCompile Include="Company.cpp">
      <Filter>Header Files</Filter>
    </ClCompile>
    <ClCompile Include="UI.cpp">
      <Filter>Header Files</Filter>
    </ClCompile>
  </ItemGroup>
</Project>